{
  "name": "gbrain-ec2-agent-template",
  "version": "0.1.0",
  "lockfileVersion": 3,
  "requires": true,
  "packages": {
    "": {
      "name": "gbrain-ec2-agent-template",
      "version": "0.1.0",
      "license": "Apache-2.0",
      "workspaces": [
        "apps/web"
      ],
      "engines": {
        "node": ">=24"
      }
    },
    "apps/web": {
      "name": "@gbrain-template/web",
      "version": "0.1.0",
      "engines": {
        "node": ">=24"
      }
    },
    "node_modules/@gbrain-template/web": {
      "resolved": "apps/web",
      "link": true
    }
  }
}
